Microsoft Visual Studio Solution File, Format Version 12.00
# Visual Studio 15
VisualStudioVersion = 15.0.26124.0
MinimumVisualStudioVersion = 15.0.26124.0
Project("{2150E333-8FDC-42A3-9474-1A3956D46DE8}") = "src", "src", "{AEE819E4-FA8C-42B5-9F00-DA4F2BE02A4B}"
EndProject
Project("{9A19103F-16F7-4668-BE54-9A1E7A4F7556}") = "CodingMilitia.AspNetCoreMvcActionCancellationTokenSample", "src\CodingMilitia.AspNetCoreMvcActionCancellationTokenSample\CodingMilitia.AspNetCoreMvcActionCancellationTokenSample.csproj", "{08C567D9-0A70-4BD3-A5B3-CCCED5002052}"
EndProject
Global
	GlobalSection(SolutionConfigurationPlatforms) = preSolution
		Debug|Any CPU = Debug|Any CPU
		Debug|x64 = Debug|x64
		Debug|x86 = Debug|x86
		Release|Any CPU = Release|Any CPU
		Release|x64 = Release|x64
		Release|x86 = Release|x86
	EndGlobalSection
	GlobalSection(ProjectConfigurationPlatforms) = postSolution
		{08C567D9-0A70-4BD3-A5B3-CCCED5002052}.Debug|Any CPU.ActiveCfg = Debug|Any CPU
		{08C567D9-0A70-4BD3-A5B3-CCCED5002052}.Debug|Any CPU.Build.0 = Debug|Any CPU
		{08C567D9-0A70-4BD3-A5B3-CCCED5002052}.Debug|x64.ActiveCfg = Debug|Any CPU
		{08C567D9-0A70-4BD3-A5B3-CCCED5002052}.Debug|x64.Build.0 = Debug|Any CPU
		{08C567D9-0A70-4BD3-A5B3-CCCED5002052}.Debug|x86.ActiveCfg = Debug|Any CPU
		{08C567D9-0A70-4BD3-A5B3-CCCED5002052}.Debug|x86.Build.0 = Debug|Any CPU
		{08C567D9-0A70-4BD3-A5B3-CCCED5002052}.Release|Any CPU.ActiveCfg = Release|Any CPU
		{08C567D9-0A70-4BD3-A5B3-CCCED5002052}.Release|Any CPU.Build.0 = Release|Any CPU
		{08C567D9-0A70-4BD3-A5B3-CCCED5002052}.Release|x64.ActiveCfg = Release|Any CPU
		{08C567D9-0A70-4BD3-A5B3-CCCED5002052}.Release|x64.Build.0 = Release|Any CPU
		{08C567D9-0A70-4BD3-A5B3-CCCED5002052}.Release|x86.ActiveCfg = Release|Any CPU
		{08C567D9-0A70-4BD3-A5B3-CCCED5002052}.Release|x86.Build.0 = Release|Any CPU
	EndGlobalSection
	GlobalSection(SolutionProperties) = preSolution
		HideSolutionNode = FALSE
	EndGlobalSection
	GlobalSection(NestedProjects) = preSolution
		{08C567D9-0A70-4BD3-A5B3-CCCED5002052} = {AEE819E4-FA8C-42B5-9F00-DA4F2BE02A4B}
	EndGlobalSection
	GlobalSection(ExtensibilityGlobals) = postSolution
		SolutionGuid = {98322A51-7B56-4D5B-933E-61D468FDD2D2}
	EndGlobalSection
EndGlobal
